
Microsoft Visual Studio Solution File, Format Version 12.00
# Visual Studio 15
VisualStudioVersion = 15.0.27130.2027
MinimumVisualStudioVersion = 10.0.40219.1
Project("{FAE04EC0-301F-11D3-BF4B-00C04F79EFBC}") = "RandomBusNetwork", "RandomBusNetwork\RandomBusNetwork.csproj", "{B07393A5-F9A9-4989-8093-201046339C26}"
EndProject
Project("{FAE04EC0-301F-11D3-BF4B-00C04F79EFBC}") = "Evaluation", "Evaluation\Evaluation.csproj", "{00CAE4B4-11A7-479D-936F-E9FBDE9A34D0}"
EndProject
Project("{2150E333-8FDC-42A3-9474-1A3956D46DE8}") = "UnitTests", "UnitTests", "{365BC91D-C149-4D76-BE0E-AA0506DFAA16}"
EndProject
Project("{FAE04EC0-301F-11D3-BF4B-00C04F79EFBC}") = "SolverTests", "SolverTests\SolverTests.csproj", "{D6EF4CEC-DFFA-4A1E-81A0-140ADB39B31B}"
EndProject
Project("{FAE04EC0-301F-11D3-BF4B-00C04F79EFBC}") = "SPPRC.VRP.Console", "SPPRC.VRP.Console\SPPRC.VRP.Console.csproj", "{0FCBB1ED-1C81-4D83-9F68-B00A94E2C68F}"
EndProject
Project("{9A19103F-16F7-4668-BE54-9A1E7A4F7556}") = "SPPRC.Model", "SPPRC.Model\SPPRC.Model.csproj", "{64FDC2B0-0752-4CD3-A341-C0505D8FE11A}"
EndProject
Project("{9A19103F-16F7-4668-BE54-9A1E7A4F7556}") = "SPPRC.CommonLogic", "SPPRC.CommonLogic\SPPRC.CommonLogic.csproj", "{9F786188-6B95-4400-9A89-63437C1D739A}"
EndProject
Project("{9A19103F-16F7-4668-BE54-9A1E7A4F7556}") = "SPPRC.Sample", "SPPRC.Sample\SPPRC.Sample.csproj", "{7357411C-B0A1-4FF1-8266-211554666540}"
EndProject
Project("{9A19103F-16F7-4668-BE54-9A1E7A4F7556}") = "SPPRC.Algorithm.Core", "SPPRC.Algorithm.Core\SPPRC.Algorithm.Core.csproj", "{356E7EA7-D4A0-45E9-B5FB-327AA89A9598}"
EndProject
Project("{9A19103F-16F7-4668-BE54-9A1E7A4F7556}") = "SPPRC.DataAccess.Core", "SPPRC.DataAccess.Core\SPPRC.DataAccess.Core.csproj", "{56B80243-F2B0-4868-A3DF-3BA9CE33EB84}"
EndProject
Project("{FAE04EC0-301F-11D3-BF4B-00C04F79EFBC}") = "SPPRC.VRP", "SPPRC.VRP\SPPRC.VRP.csproj", "{70D35726-A44F-4C3F-895B-578753B89DC8}"
EndProject
Global
	GlobalSection(SolutionConfigurationPlatforms) = preSolution
		Debug|Any CPU = Debug|Any CPU
		Debug|x64 = Debug|x64
		Release|Any CPU = Release|Any CPU
		Release|x64 = Release|x64
	EndGlobalSection
	GlobalSection(ProjectConfigurationPlatforms) = postSolution
		{B07393A5-F9A9-4989-8093-201046339C26}.Debug|Any CPU.ActiveCfg = Debug|Any CPU
		{B07393A5-F9A9-4989-8093-201046339C26}.Debug|Any CPU.Build.0 = Debug|Any CPU
		{B07393A5-F9A9-4989-8093-201046339C26}.Debug|x64.ActiveCfg = Debug|x64
		{B07393A5-F9A9-4989-8093-201046339C26}.Debug|x64.Build.0 = Debug|x64
		{B07393A5-F9A9-4989-8093-201046339C26}.Release|Any CPU.ActiveCfg = Release|Any CPU
		{B07393A5-F9A9-4989-8093-201046339C26}.Release|Any CPU.Build.0 = Release|Any CPU
		{B07393A5-F9A9-4989-8093-201046339C26}.Release|x64.ActiveCfg = Release|x64
		{B07393A5-F9A9-4989-8093-201046339C26}.Release|x64.Build.0 = Release|x64
		{00CAE4B4-11A7-479D-936F-E9FBDE9A34D0}.Debug|Any CPU.ActiveCfg = Debug|Any CPU
		{00CAE4B4-11A7-479D-936F-E9FBDE9A34D0}.Debug|Any CPU.Build.0 = Debug|Any CPU
		{00CAE4B4-11A7-479D-936F-E9FBDE9A34D0}.Debug|x64.ActiveCfg = Debug|x64
		{00CAE4B4-11A7-479D-936F-E9FBDE9A34D0}.Debug|x64.Build.0 = Debug|x64
		{00CAE4B4-11A7-479D-936F-E9FBDE9A34D0}.Release|Any CPU.ActiveCfg = Release|Any CPU
		{00CAE4B4-11A7-479D-936F-E9FBDE9A34D0}.Release|Any CPU.Build.0 = Release|Any CPU
		{00CAE4B4-11A7-479D-936F-E9FBDE9A34D0}.Release|x64.ActiveCfg = Release|x64
		{00CAE4B4-11A7-479D-936F-E9FBDE9A34D0}.Release|x64.Build.0 = Release|x64
		{D6EF4CEC-DFFA-4A1E-81A0-140ADB39B31B}.Debug|Any CPU.ActiveCfg = Debug|Any CPU
		{D6EF4CEC-DFFA-4A1E-81A0-140ADB39B31B}.Debug|Any CPU.Build.0 = Debug|Any CPU
		{D6EF4CEC-DFFA-4A1E-81A0-140ADB39B31B}.Debug|x64.ActiveCfg = Debug|x64
		{D6EF4CEC-DFFA-4A1E-81A0-140ADB39B31B}.Debug|x64.Build.0 = Debug|x64
		{D6EF4CEC-DFFA-4A1E-81A0-140ADB39B31B}.Release|Any CPU.ActiveCfg = Release|Any CPU
		{D6EF4CEC-DFFA-4A1E-81A0-140ADB39B31B}.Release|Any CPU.Build.0 = Release|Any CPU
		{D6EF4CEC-DFFA-4A1E-81A0-140ADB39B31B}.Release|x64.ActiveCfg = Release|x64
		{D6EF4CEC-DFFA-4A1E-81A0-140ADB39B31B}.Release|x64.Build.0 = Release|x64
		{0FCBB1ED-1C81-4D83-9F68-B00A94E2C68F}.Debug|Any CPU.ActiveCfg = Debug|Any CPU
		{0FCBB1ED-1C81-4D83-9F68-B00A94E2C68F}.Debug|Any CPU.Build.0 = Debug|Any CPU
		{0FCBB1ED-1C81-4D83-9F68-B00A94E2C68F}.Debug|x64.ActiveCfg = Debug|Any CPU
		{0FCBB1ED-1C81-4D83-9F68-B00A94E2C68F}.Debug|x64.Build.0 = Debug|Any CPU
		{0FCBB1ED-1C81-4D83-9F68-B00A94E2C68F}.Release|Any CPU.ActiveCfg = Release|Any CPU
		{0FCBB1ED-1C81-4D83-9F68-B00A94E2C68F}.Release|Any CPU.Build.0 = Release|Any CPU
		{0FCBB1ED-1C81-4D83-9F68-B00A94E2C68F}.Release|x64.ActiveCfg = Release|Any CPU
		{0FCBB1ED-1C81-4D83-9F68-B00A94E2C68F}.Release|x64.Build.0 = Release|Any CPU
		{64FDC2B0-0752-4CD3-A341-C0505D8FE11A}.Debug|Any CPU.ActiveCfg = Debug|Any CPU
		{64FDC2B0-0752-4CD3-A341-C0505D8FE11A}.Debug|Any CPU.Build.0 = Debug|Any CPU
		{64FDC2B0-0752-4CD3-A341-C0505D8FE11A}.Debug|x64.ActiveCfg = Debug|x64
		{64FDC2B0-0752-4CD3-A341-C0505D8FE11A}.Debug|x64.Build.0 = Debug|x64
		{64FDC2B0-0752-4CD3-A341-C0505D8FE11A}.Release|Any CPU.ActiveCfg = Release|Any CPU
		{64FDC2B0-0752-4CD3-A341-C0505D8FE11A}.Release|Any CPU.Build.0 = Release|Any CPU
		{64FDC2B0-0752-4CD3-A341-C0505D8FE11A}.Release|x64.ActiveCfg = Release|x64
		{64FDC2B0-0752-4CD3-A341-C0505D8FE11A}.Release|x64.Build.0 = Release|x64
		{9F786188-6B95-4400-9A89-63437C1D739A}.Debug|Any CPU.ActiveCfg = Debug|Any CPU
		{9F786188-6B95-4400-9A89-63437C1D739A}.Debug|Any CPU.Build.0 = Debug|Any CPU
		{9F786188-6B95-4400-9A89-63437C1D739A}.Debug|x64.ActiveCfg = Debug|x64
		{9F786188-6B95-4400-9A89-63437C1D739A}.Debug|x64.Build.0 = Debug|x64
		{9F786188-6B95-4400-9A89-63437C1D739A}.Release|Any CPU.ActiveCfg = Release|Any CPU
		{9F786188-6B95-4400-9A89-63437C1D739A}.Release|Any CPU.Build.0 = Release|Any CPU
		{9F786188-6B95-4400-9A89-63437C1D739A}.Release|x64.ActiveCfg = Release|x64
		{9F786188-6B95-4400-9A89-63437C1D739A}.Release|x64.Build.0 = Release|x64
		{7357411C-B0A1-4FF1-8266-211554666540}.Debug|Any CPU.ActiveCfg = Debug|Any CPU
		{7357411C-B0A1-4FF1-8266-211554666540}.Debug|Any CPU.Build.0 = Debug|Any CPU
		{7357411C-B0A1-4FF1-8266-211554666540}.Debug|x64.ActiveCfg = Debug|x64
		{7357411C-B0A1-4FF1-8266-211554666540}.Debug|x64.Build.0 = Debug|x64
		{7357411C-B0A1-4FF1-8266-211554666540}.Release|Any CPU.ActiveCfg = Release|Any CPU
		{7357411C-B0A1-4FF1-8266-211554666540}.Release|Any CPU.Build.0 = Release|Any CPU
		{7357411C-B0A1-4FF1-8266-211554666540}.Release|x64.ActiveCfg = Release|x64
		{7357411C-B0A1-4FF1-8266-211554666540}.Release|x64.Build.0 = Release|x64
		{356E7EA7-D4A0-45E9-B5FB-327AA89A9598}.Debug|Any CPU.ActiveCfg = Debug|Any CPU
		{356E7EA7-D4A0-45E9-B5FB-327AA89A9598}.Debug|Any CPU.Build.0 = Debug|Any CPU
		{356E7EA7-D4A0-45E9-B5FB-327AA89A9598}.Debug|x64.ActiveCfg = Debug|x64
		{356E7EA7-D4A0-45E9-B5FB-327AA89A9598}.Debug|x64.Build.0 = Debug|x64
		{356E7EA7-D4A0-45E9-B5FB-327AA89A9598}.Release|Any CPU.ActiveCfg = Release|Any CPU
		{356E7EA7-D4A0-45E9-B5FB-327AA89A9598}.Release|Any CPU.Build.0 = Release|Any CPU
		{356E7EA7-D4A0-45E9-B5FB-327AA89A9598}.Release|x64.ActiveCfg = Release|x64
		{356E7EA7-D4A0-45E9-B5FB-327AA89A9598}.Release|x64.Build.0 = Release|x64
		{56B80243-F2B0-4868-A3DF-3BA9CE33EB84}.Debug|Any CPU.ActiveCfg = Debug|Any CPU
		{56B80243-F2B0-4868-A3DF-3BA9CE33EB84}.Debug|Any CPU.Build.0 = Debug|Any CPU
		{56B80243-F2B0-4868-A3DF-3BA9CE33EB84}.Debug|x64.ActiveCfg = Debug|x64
		{56B80243-F2B0-4868-A3DF-3BA9CE33EB84}.Debug|x64.Build.0 = Debug|x64
		{56B80243-F2B0-4868-A3DF-3BA9CE33EB84}.Release|Any CPU.ActiveCfg = Release|Any CPU
		{56B80243-F2B0-4868-A3DF-3BA9CE33EB84}.Release|Any CPU.Build.0 = Release|Any CPU
		{56B80243-F2B0-4868-A3DF-3BA9CE33EB84}.Release|x64.ActiveCfg = Release|x64
		{56B80243-F2B0-4868-A3DF-3BA9CE33EB84}.Release|x64.Build.0 = Release|x64
		{70D35726-A44F-4C3F-895B-578753B89DC8}.Debug|Any CPU.ActiveCfg = Debug|Any CPU
		{70D35726-A44F-4C3F-895B-578753B89DC8}.Debug|Any CPU.Build.0 = Debug|Any CPU
		{70D35726-A44F-4C3F-895B-578753B89DC8}.Debug|x64.ActiveCfg = Debug|Any CPU
		{70D35726-A44F-4C3F-895B-578753B89DC8}.Debug|x64.Build.0 = Debug|Any CPU
		{70D35726-A44F-4C3F-895B-578753B89DC8}.Release|Any CPU.ActiveCfg = Release|Any CPU
		{70D35726-A44F-4C3F-895B-578753B89DC8}.Release|Any CPU.Build.0 = Release|Any CPU
		{70D35726-A44F-4C3F-895B-578753B89DC8}.Release|x64.ActiveCfg = Release|Any CPU
		{70D35726-A44F-4C3F-895B-578753B89DC8}.Release|x64.Build.0 = Release|Any CPU
	EndGlobalSection
	GlobalSection(SolutionProperties) = preSolution
		HideSolutionNode = FALSE
	EndGlobalSection
	GlobalSection(NestedProjects) = preSolution
		{D6EF4CEC-DFFA-4A1E-81A0-140ADB39B31B} = {365BC91D-C149-4D76-BE0E-AA0506DFAA16}
	EndGlobalSection
	GlobalSection(ExtensibilityGlobals) = postSolution
		SolutionGuid = {5A0855AD-0489-43E7-B44F-6F152AD6C55E}
	EndGlobalSection
EndGlobal
